// !$*UTF8*$!
{
	archiveVersion = 1;
	classes = {
	};
	objectVersion = 77;
	objects = {

/* Begin PBXBuildFile section */
		624AD49E2FB375A200D9EF2E /* WidgetKit.framework in Frameworks */ = {isa = PBXBuildFile; fileRef = 624AD49D2FB375A200D9EF2E /* WidgetKit.framework */; };
		624AD4A02FB375A200D9EF2E /* SwiftUI.framework in Frameworks */ = {isa = PBXBuildFile; fileRef = 624AD49F2FB375A200D9EF2E /* SwiftUI.framework */; };
		624AD4B12FB375A200D9EF2E /* FitbodWidgetsExtension.appex in Embed Foundation Extensions */ = {isa = PBXBuildFile; fileRef = 624AD49B2FB375A200D9EF2E /* FitbodWidgetsExtension.appex */; settings = {ATTRIBUTES = (RemoveHeadersOnCopy, ); }; };
		624AD50E2FB3780200D9EF2E /* RestTimerLiveActivity.swift in Sources */ = {isa = PBXBuildFile; fileRef = 624AD50A2FB3780200D9EF2E /* RestTimerLiveActivity.swift */; };
		624AD50F2FB3780200D9EF2E /* RestTimerLockScreenView.swift in Sources */ = {isa = PBXBuildFile; fileRef = 624AD50B2FB3780200D9EF2E /* RestTimerLockScreenView.swift */; };
		624AD5102FB3780200D9EF2E /* FitbodWidgetsBundle.swift in Sources */ = {isa = PBXBuildFile; fileRef = 624AD5082FB3780200D9EF2E /* FitbodWidgetsBundle.swift */; };
		624AD5112FB3780200D9EF2E /* SOURCES.md in Resources */ = {isa = PBXBuildFile; fileRef = 624AD50C2FB3780200D9EF2E /* SOURCES.md */; };
/* End PBXBuildFile section */

/* Begin PBXContainerItemProxy section */
		624AD1542FB18B4200D9EF2E /* PBXContainerItemProxy */ = {
			isa = PBXContainerItemProxy;
			containerPortal = 624AD13C2FB18B4100D9EF2E /* Project object */;
			proxyType = 1;
			remoteGlobalIDString = 624AD1432FB18B4100D9EF2E;
			remoteInfo = fitbod;
		};
		624AD15E2FB18B4200D9EF2E /* PBXContainerItemProxy */ = {
			isa = PBXContainerItemProxy;
			containerPortal = 624AD13C2FB18B4100D9EF2E /* Project object */;
			proxyType = 1;
			remoteGlobalIDString = 624AD1432FB18B4100D9EF2E;
			remoteInfo = fitbod;
		};
		624AD4AF2FB375A200D9EF2E /* PBXContainerItemProxy */ = {
			isa = PBXContainerItemProxy;
			containerPortal = 624AD13C2FB18B4100D9EF2E /* Project object */;
			proxyType = 1;
			remoteGlobalIDString = 624AD49A2FB375A200D9EF2E;
			remoteInfo = FitbodWidgetsExtension;
		};
/* End PBXContainerItemProxy section */

/* Begin PBXCopyFilesBuildPhase section */
		624AD4B62FB375A200D9EF2E /* Embed Foundation Extensions */ = {
			isa = PBXCopyFilesBuildPhase;
			buildActionMask = 2147483647;
			dstPath = "";
			dstSubfolderSpec = 13;
			files = (
				624AD4B12FB375A200D9EF2E /* FitbodWidgetsExtension.appex in Embed Foundation Extensions */,
			);
			name = "Embed Foundation Extensions";
			runOnlyForDeploymentPostprocessing = 0;
		};
/* End PBXCopyFilesBuildPhase section */

/* Begin PBXFileReference section */
		624AD1442FB18B4100D9EF2E /* fitbod.app */ = {isa = PBXFileReference; explicitFileType = wrapper.application; includeInIndex = 0; path = fitbod.app; sourceTree = BUILT_PRODUCTS_DIR; };
		624AD1532FB18B4200D9EF2E /* fitbodTests.xctest */ = {isa = PBXFileReference; explicitFileType = wrapper.cfbundle; includeInIndex = 0; path = fitbodTests.xctest; sourceTree = BUILT_PRODUCTS_DIR; };
		624AD15D2FB18B4200D9EF2E /* fitbodUITests.xctest */ = {isa = PBXFileReference; explicitFileType = wrapper.cfbundle; includeInIndex = 0; path = fitbodUITests.xctest; sourceTree = BUILT_PRODUCTS_DIR; };
		624AD49B2FB375A200D9EF2E /* FitbodWidgetsExtension.appex */ = {isa = PBXFileReference; explicitFileType = "wrapper.app-extension"; includeInIndex = 0; path = FitbodWidgetsExtension.appex; sourceTree = BUILT_PRODUCTS_DIR; };
		624AD49D2FB375A200D9EF2E /* WidgetKit.framework */ = {isa = PBXFileReference; lastKnownFileType = wrapper.framework; name = WidgetKit.framework; path = System/Library/Frameworks/WidgetKit.framework; sourceTree = SDKROOT; };
		624AD49F2FB375A200D9EF2E /* SwiftUI.framework */ = {isa = PBXFileReference; lastKnownFileType = wrapper.framework; name = SwiftUI.framework; path = System/Library/Frameworks/SwiftUI.framework; sourceTree = SDKROOT; };
		624AD5072FB3780200D9EF2E /* FitbodWidgets.entitlements */ = {isa = PBXFileReference; lastKnownFileType = text.plist.entitlements; path = FitbodWidgets.entitlements; sourceTree = "<group>"; };
		624AD5082FB3780200D9EF2E /* FitbodWidgetsBundle.swift */ = {isa = PBXFileReference; lastKnownFileType = sourcecode.swift; path = FitbodWidgetsBundle.swift; sourceTree = "<group>"; };
		624AD5092FB3780200D9EF2E /* Info.plist */ = {isa = PBXFileReference; lastKnownFileType = text.plist.xml; path = Info.plist; sourceTree = "<group>"; };
		624AD50A2FB3780200D9EF2E /* RestTimerLiveActivity.swift */ = {isa = PBXFileReference; lastKnownFileType = sourcecode.swift; path = RestTimerLiveActivity.swift; sourceTree = "<group>"; };
		624AD50B2FB3780200D9EF2E /* RestTimerLockScreenView.swift */ = {isa = PBXFileReference; lastKnownFileType = sourcecode.swift; path = RestTimerLockScreenView.swift; sourceTree = "<group>"; };
		624AD50C2FB3780200D9EF2E /* SOURCES.md */ = {isa = PBXFileReference; lastKnownFileType = net.daringfireball.markdown; path = SOURCES.md; sourceTree = "<group>"; };
		624AD5152FB3791500D9EF2E /* fitbod.xcodeproj */ = {isa = PBXFileReference; lastKnownFileType = "wrapper.pb-project"; path = fitbod.xcodeproj; sourceTree = SOURCE_ROOT; };
/* End PBXFileReference section */

/* Begin PBXFileSystemSynchronizedBuildFileExceptionSet section */
		624AD5142FB378BE00D9EF2E /* Exceptions for "fitbod" folder in "FitbodWidgetsExtension" target */ = {
			isa = PBXFileSystemSynchronizedBuildFileExceptionSet;
			membershipExceptions = (
				Sessions/RestTimer/RestTimerAttributes.swift,
			);
			target = 624AD49A2FB375A200D9EF2E /* FitbodWidgetsExtension */;
		};
/* End PBXFileSystemSynchronizedBuildFileExceptionSet section */

/* Begin PBXFileSystemSynchronizedRootGroup section */
		624AD1462FB18B4100D9EF2E /* fitbod */ = {
			isa = PBXFileSystemSynchronizedRootGroup;
			exceptions = (
				624AD5142FB378BE00D9EF2E /* Exceptions for "fitbod" folder in "FitbodWidgetsExtension" target */,
			);
			path = fitbod;
			sourceTree = "<group>";
		};
		624AD1562FB18B4200D9EF2E /* fitbodTests */ = {
			isa = PBXFileSystemSynchronizedRootGroup;
			path = fitbodTests;
			sourceTree = "<group>";
		};
		624AD1602FB18B4200D9EF2E /* fitbodUITests */ = {
			isa = PBXFileSystemSynchronizedRootGroup;
			path = fitbodUITests;
			sourceTree = "<group>";
		};
/* End PBXFileSystemSynchronizedRootGroup section */

/* Begin PBXFrameworksBuildPhase section */
		624AD1412FB18B4100D9EF2E /* Frameworks */ = {
			isa = PBXFrameworksBuildPhase;
			buildActionMask = 2147483647;
			files = (
			);
			runOnlyForDeploymentPostprocessing = 0;
		};
		624AD1502FB18B4200D9EF2E /* Frameworks */ = {
			isa = PBXFrameworksBuildPhase;
			buildActionMask = 2147483647;
			files = (
			);
			runOnlyForDeploymentPostprocessing = 0;
		};
		624AD15A2FB18B4200D9EF2E /* Frameworks */ = {
			isa = PBXFrameworksBuildPhase;
			buildActionMask = 2147483647;
			files = (
			);
			runOnlyForDeploymentPostprocessing = 0;
		};
		624AD4982FB375A200D9EF2E /* Frameworks */ = {
			isa = PBXFrameworksBuildPhase;
			buildActionMask = 2147483647;
			files = (
				624AD4A02FB375A200D9EF2E /* SwiftUI.framework in Frameworks */,
				624AD49E2FB375A200D9EF2E /* WidgetKit.framework in Frameworks */,
			);
			runOnlyForDeploymentPostprocessing = 0;
		};
/* End PBXFrameworksBuildPhase section */

/* Begin PBXGroup section */
		622826E42FB37AFD00D41733 /* Products */ = {
			isa = PBXGroup;
			name = Products;
			sourceTree = "<group>";
		};
		624AD13B2FB18B4100D9EF2E = {
			isa = PBXGroup;
			children = (
				624AD5152FB3791500D9EF2E /* fitbod.xcodeproj */,
				624AD50D2FB3780200D9EF2E /* FitbodWidgets */,
				624AD1462FB18B4100D9EF2E /* fitbod */,
				624AD1562FB18B4200D9EF2E /* fitbodTests */,
				624AD1602FB18B4200D9EF2E /* fitbodUITests */,
				624AD49C2FB375A200D9EF2E /* Frameworks */,
				624AD1452FB18B4100D9EF2E /* Products */,
			);
			sourceTree = "<group>";
		};
		624AD1452FB18B4100D9EF2E /* Products */ = {
			isa = PBXGroup;
			children = (
				624AD1442FB18B4100D9EF2E /* fitbod.app */,
				624AD1532FB18B4200D9EF2E /* fitbodTests.xctest */,
				624AD15D2FB18B4200D9EF2E /* fitbodUITests.xctest */,
				624AD49B2FB375A200D9EF2E /* FitbodWidgetsExtension.appex */,
			);
			name = Products;
			sourceTree = "<group>";
		};
		624AD49C2FB375A200D9EF2E /* Frameworks */ = {
			isa = PBXGroup;
			children = (
				624AD49D2FB375A200D9EF2E /* WidgetKit.framework */,
				624AD49F2FB375A200D9EF2E /* SwiftUI.framework */,
			);
			name = Frameworks;
			sourceTree = "<group>";
		};
		624AD50D2FB3780200D9EF2E /* FitbodWidgets */ = {
			isa = PBXGroup;
			children = (
				624AD5072FB3780200D9EF2E /* FitbodWidgets.entitlements */,
				624AD5082FB3780200D9EF2E /* FitbodWidgetsBundle.swift */,
				624AD5092FB3780200D9EF2E /* Info.plist */,
				624AD50A2FB3780200D9EF2E /* RestTimerLiveActivity.swift */,
				624AD50B2FB3780200D9EF2E /* RestTimerLockScreenView.swift */,
				624AD50C2FB3780200D9EF2E /* SOURCES.md */,
			);
			path = FitbodWidgets;
			sourceTree = "<group>";
		};
/* End PBXGroup section */

/* Begin PBXNativeTarget section */
		624AD1432FB18B4100D9EF2E /* fitbod */ = {
			isa = PBXNativeTarget;
			buildConfigurationList = 624AD1672FB18B4200D9EF2E /* Build configuration list for PBXNativeTarget "fitbod" */;
			buildPhases = (
				624AD1402FB18B4100D9EF2E /* Sources */,
				624AD1412FB18B4100D9EF2E /* Frameworks */,
				624AD1422FB18B4100D9EF2E /* Resources */,
				624AD4B62FB375A200D9EF2E /* Embed Foundation Extensions */,
			);
			buildRules = (
			);
			dependencies = (
				624AD4B02FB375A200D9EF2E /* PBXTargetDependency */,
			);
			fileSystemSynchronizedGroups = (
				624AD1462FB18B4100D9EF2E /* fitbod */,
			);
			name = fitbod;
			packageProductDependencies = (
			);
			productName = fitbod;
			productReference = 624AD1442FB18B4100D9EF2E /* fitbod.app */;
			productType = "com.apple.product-type.application";
		};
		624AD1522FB18B4200D9EF2E /* fitbodTests */ = {
			isa = PBXNativeTarget;
			buildConfigurationList = 624AD16A2FB18B4200D9EF2E /* Build configuration list for PBXNativeTarget "fitbodTests" */;
			buildPhases = (
				624AD14F2FB18B4200D9EF2E /* Sources */,
				624AD1502FB18B4200D9EF2E /* Frameworks */,
				624AD1512FB18B4200D9EF2E /* Resources */,
			);
			buildRules = (
			);
			dependencies = (
				624AD1552FB18B4200D9EF2E /* PBXTargetDependency */,
			);
			fileSystemSynchronizedGroups = (
				624AD1562FB18B4200D9EF2E /* fitbodTests */,
			);
			name = fitbodTests;
			packageProductDependencies = (
			);
			productName = fitbodTests;
			productReference = 624AD1532FB18B4200D9EF2E /* fitbodTests.xctest */;
			productType = "com.apple.product-type.bundle.unit-test";
		};
		624AD15C2FB18B4200D9EF2E /* fitbodUITests */ = {
			isa = PBXNativeTarget;
			buildConfigurationList = 624AD16D2FB18B4200D9EF2E /* Build configuration list for PBXNativeTarget "fitbodUITests" */;
			buildPhases = (
				624AD1592FB18B4200D9EF2E /* Sources */,
				624AD15A2FB18B4200D9EF2E /* Frameworks */,
				624AD15B2FB18B4200D9EF2E /* Resources */,
			);
			buildRules = (
			);
			dependencies = (
				624AD15F2FB18B4200D9EF2E /* PBXTargetDependency */,
			);
			fileSystemSynchronizedGroups = (
				624AD1602FB18B4200D9EF2E /* fitbodUITests */,
			);
			name = fitbodUITests;
			packageProductDependencies = (
			);
			productName = fitbodUITests;
			productReference = 624AD15D2FB18B4200D9EF2E /* fitbodUITests.xctest */;
			productType = "com.apple.product-type.bundle.ui-testing";
		};
		624AD49A2FB375A200D9EF2E /* FitbodWidgetsExtension */ = {
			isa = PBXNativeTarget;
			buildConfigurationList = 624AD4B32FB375A200D9EF2E /* Build configuration list for PBXNativeTarget "FitbodWidgetsExtension" */;
			buildPhases = (
				624AD4972FB375A200D9EF2E /* Sources */,
				624AD4982FB375A200D9EF2E /* Frameworks */,
				624AD4992FB375A200D9EF2E /* Resources */,
			);
			buildRules = (
			);
			dependencies = (
			);
			name = FitbodWidgetsExtension;
			packageProductDependencies = (
			);
			productName = FitbodWidgetsExtension;
			productReference = 624AD49B2FB375A200D9EF2E /* FitbodWidgetsExtension.appex */;
			productType = "com.apple.product-type.app-extension";
		};
/* End PBXNativeTarget section */

/* Begin PBXProject section */
		624AD13C2FB18B4100D9EF2E /* Project object */ = {
			isa = PBXProject;
			attributes = {
				BuildIndependentTargetsInParallel = 1;
				LastSwiftUpdateCheck = 2640;
				LastUpgradeCheck = 2650;
				TargetAttributes = {
					624AD1432FB18B4100D9EF2E = {
						CreatedOnToolsVersion = 26.4.1;
					};
					624AD1522FB18B4200D9EF2E = {
						CreatedOnToolsVersion = 26.4.1;
						TestTargetID = 624AD1432FB18B4100D9EF2E;
					};
					624AD15C2FB18B4200D9EF2E = {
						CreatedOnToolsVersion = 26.4.1;
						TestTargetID = 624AD1432FB18B4100D9EF2E;
					};
					624AD49A2FB375A200D9EF2E = {
						CreatedOnToolsVersion = 26.4.1;
					};
				};
			};
			buildConfigurationList = 624AD13F2FB18B4100D9EF2E /* Build configuration list for PBXProject "fitbod" */;
			developmentRegion = en;
			hasScannedForEncodings = 0;
			knownRegions = (
				en,
				Base,
			);
			mainGroup = 624AD13B2FB18B4100D9EF2E;
			minimizedProjectReferenceProxies = 1;
			preferredProjectObjectVersion = 77;
			productRefGroup = 624AD1452FB18B4100D9EF2E /* Products */;
			projectDirPath = "";
			projectReferences = (
				{
					ProductGroup = 622826E42FB37AFD00D41733 /* Products */;
					ProjectRef = 624AD5152FB3791500D9EF2E /* fitbod.xcodeproj */;
				},
			);
			projectRoot = "";
			targets = (
				624AD1432FB18B4100D9EF2E /* fitbod */,
				624AD1522FB18B4200D9EF2E /* fitbodTests */,
				624AD15C2FB18B4200D9EF2E /* fitbodUITests */,
				624AD49A2FB375A200D9EF2E /* FitbodWidgetsExtension */,
			);
		};
/* End PBXProject section */

/* Begin PBXResourcesBuildPhase section */
		624AD1422FB18B4100D9EF2E /* Resources */ = {
			isa = PBXResourcesBuildPhase;
			buildActionMask = 2147483647;
			files = (
			);
			runOnlyForDeploymentPostprocessing = 0;
		};
		624AD1512FB18B4200D9EF2E /* Resources */ = {
			isa = PBXResourcesBuildPhase;
			buildActionMask = 2147483647;
			files = (
			);
			runOnlyForDeploymentPostprocessing = 0;
		};
		624AD15B2FB18B4200D9EF2E /* Resources */ = {
			isa = PBXResourcesBuildPhase;
			buildActionMask = 2147483647;
			files = (
			);
			runOnlyForDeploymentPostprocessing = 0;
		};
		624AD4992FB375A200D9EF2E /* Resources */ = {
			isa = PBXResourcesBuildPhase;
			buildActionMask = 2147483647;
			files = (
				624AD5112FB3780200D9EF2E /* SOURCES.md in Resources */,
			);
			runOnlyForDeploymentPostprocessing = 0;
		};
/* End PBXResourcesBuildPhase section */

/* Begin PBXSourcesBuildPhase section */
		624AD1402FB18B4100D9EF2E /* Sources */ = {
			isa = PBXSourcesBuildPhase;
			buildActionMask = 2147483647;
			files = (
			);
			runOnlyForDeploymentPostprocessing = 0;
		};
		624AD14F2FB18B4200D9EF2E /* Sources */ = {
			isa = PBXSourcesBuildPhase;
			buildActionMask = 2147483647;
			files = (
			);
			runOnlyForDeploymentPostprocessing = 0;
		};
		624AD1592FB18B4200D9EF2E /* Sources */ = {
			isa = PBXSourcesBuildPhase;
			buildActionMask = 2147483647;
			files = (
			);
			runOnlyForDeploymentPostprocessing = 0;
		};
		624AD4972FB375A200D9EF2E /* Sources */ = {
			isa = PBXSourcesBuildPhase;
			buildActionMask = 2147483647;
			files = (
				624AD50E2FB3780200D9EF2E /* RestTimerLiveActivity.swift in Sources */,
				624AD50F2FB3780200D9EF2E /* RestTimerLockScreenView.swift in Sources */,
				624AD5102FB3780200D9EF2E /* FitbodWidgetsBundle.swift in Sources */,
			);
			runOnlyForDeploymentPostprocessing = 0;
		};
/* End PBXSourcesBuildPhase section */

/* Begin PBXTargetDependency section */
		624AD1552FB18B4200D9EF2E /* PBXTargetDependency */ = {
			isa = PBXTargetDependency;
			target = 624AD1432FB18B4100D9EF2E /* fitbod */;
			targetProxy = 624AD1542FB18B4200D9EF2E /* PBXContainerItemProxy */;
		};
		624AD15F2FB18B4200D9EF2E /* PBXTargetDependency */ = {
			isa = PBXTargetDependency;
			target = 624AD1432FB18B4100D9EF2E /* fitbod */;
			targetProxy = 624AD15E2FB18B4200D9EF2E /* PBXContainerItemProxy */;
		};
		624AD4B02FB375A200D9EF2E /* PBXTargetDependency */ = {
			isa = PBXTargetDependency;
			target = 624AD49A2FB375A200D9EF2E /* FitbodWidgetsExtension */;
			targetProxy = 624AD4AF2FB375A200D9EF2E /* PBXContainerItemProxy */;
		};
/* End PBXTargetDependency section */

/* Begin XCBuildConfiguration section */
		624AD1652FB18B4200D9EF2E /* Debug */ = {
			isa = XCBuildConfiguration;
			buildSettings = {
				ALWAYS_SEARCH_USER_PATHS = NO;
				ASSETCATALOG_COMPILER_GENERATE_SWIFT_ASSET_SYMBOL_EXTENSIONS = YES;
				CLANG_ANALYZER_NONNULL = YES;
				CLANG_ANALYZER_NUMBER_OBJECT_CONVERSION = YES_AGGRESSIVE;
				CLANG_CXX_LANGUAGE_STANDARD = "gnu++20";
				CLANG_ENABLE_MODULES = YES;
				CLANG_ENABLE_OBJC_ARC = YES;
				CLANG_ENABLE_OBJC_WEAK = YES;
				CLANG_WARN_BLOCK_CAPTURE_AUTORELEASING = YES;
				CLANG_WARN_BOOL_CONVERSION = YES;
				CLANG_WARN_COMMA = YES;
				CLANG_WARN_CONSTANT_CONVERSION = YES;
				CLANG_WARN_DEPRECATED_OBJC_IMPLEMENTATIONS = YES;
				CLANG_WARN_DIRECT_OBJC_ISA_USAGE = YES_ERROR;
				CLANG_WARN_DOCUMENTATION_COMMENTS = YES;
				CLANG_WARN_EMPTY_BODY = YES;
				CLANG_WARN_ENUM_CONVERSION = YES;
				CLANG_WARN_INFINITE_RECURSION = YES;
				CLANG_WARN_INT_CONVERSION = YES;
				CLANG_WARN_NON_LITERAL_NULL_CONVERSION = YES;
				CLANG_WARN_OBJC_IMPLICIT_RETAIN_SELF = YES;
				CLANG_WARN_OBJC_LITERAL_CONVERSION = YES;
				CLANG_WARN_OBJC_ROOT_CLASS = YES_ERROR;
				CLANG_WARN_QUOTED_INCLUDE_IN_FRAMEWORK_HEADER = YES;
				CLANG_WARN_RANGE_LOOP_ANALYSIS = YES;
				CLANG_WARN_STRICT_PROTOTYPES = YES;
				CLANG_WARN_SUSPICIOUS_MOVE = YES;
				CLANG_WARN_UNGUARDED_AVAILABILITY = YES_AGGRESSIVE;
				CLANG_WARN_UNREACHABLE_CODE = YES;
				CLANG_WARN__DUPLICATE_METHOD_MATCH = YES;
				COPY_PHASE_STRIP = NO;
				DEAD_CODE_STRIPPING = YES;
				DEBUG_INFORMATION_FORMAT = dwarf;
				ENABLE_STRICT_OBJC_MSGSEND = YES;
				ENABLE_TESTABILITY = YES;
				ENABLE_USER_SCRIPT_SANDBOXING = YES;
				GCC_C_LANGUAGE_STANDARD = gnu17;
				GCC_DYNAMIC_NO_PIC = NO;
				GCC_NO_COMMON_BLOCKS = YES;
				GCC_OPTIMIZATION_LEVEL = 0;
				GCC_PREPROCESSOR_DEFINITIONS = (
					"DEBUG=1",
					"$(inherited)",
				);
				GCC_WARN_64_TO_32_BIT_CONVERSION = YES;
				GCC_WARN_ABOUT_RETURN_TYPE = YES_ERROR;
				GCC_WARN_UNDECLARED_SELECTOR = YES;
				GCC_WARN_UNINITIALIZED_AUTOS = YES_AGGRESSIVE;
				GCC_WARN_UNUSED_FUNCTION = YES;
				GCC_WARN_UNUSED_VARIABLE = YES;
				LOCALIZATION_PREFERS_STRING_CATALOGS = YES;
				MTL_ENABLE_DEBUG_INFO = INCLUDE_SOURCE;
				MTL_FAST_MATH = YES;
				ONLY_ACTIVE_ARCH = YES;
				STRING_CATALOG_GENERATE_SYMBOLS = YES;
				SWIFT_ACTIVE_COMPILATION_CONDITIONS = "DEBUG $(inherited)";
				SWIFT_OPTIMIZATION_LEVEL = "-Onone";
			};
			name = Debug;
		};
		624AD1662FB18B4200D9EF2E /* Release */ = {
			isa = XCBuildConfiguration;
			buildSettings = {
				ALWAYS_SEARCH_USER_PATHS = NO;
				ASSETCATALOG_COMPILER_GENERATE_SWIFT_ASSET_SYMBOL_EXTENSIONS = YES;
				CLANG_ANALYZER_NONNULL = YES;
				CLANG_ANALYZER_NUMBER_OBJECT_CONVERSION = YES_AGGRESSIVE;
				CLANG_CXX_LANGUAGE_STANDARD = "gnu++20";
				CLANG_ENABLE_MODULES = YES;
				CLANG_ENABLE_OBJC_ARC = YES;
				CLANG_ENABLE_OBJC_WEAK = YES;
				CLANG_WARN_BLOCK_CAPTURE_AUTORELEASING = YES;
				CLANG_WARN_BOOL_CONVERSION = YES;
				CLANG_WARN_COMMA = YES;
				CLANG_WARN_CONSTANT_CONVERSION = YES;
				CLANG_WARN_DEPRECATED_OBJC_IMPLEMENTATIONS = YES;
				CLANG_WARN_DIRECT_OBJC_ISA_USAGE = YES_ERROR;
				CLANG_WARN_DOCUMENTATION_COMMENTS = YES;
				CLANG_WARN_EMPTY_BODY = YES;
				CLANG_WARN_ENUM_CONVERSION = YES;
				CLANG_WARN_INFINITE_RECURSION = YES;
				CLANG_WARN_INT_CONVERSION = YES;
				CLANG_WARN_NON_LITERAL_NULL_CONVERSION = YES;
				CLANG_WARN_OBJC_IMPLICIT_RETAIN_SELF = YES;
				CLANG_WARN_OBJC_LITERAL_CONVERSION = YES;
				CLANG_WARN_OBJC_ROOT_CLASS = YES_ERROR;
				CLANG_WARN_QUOTED_INCLUDE_IN_FRAMEWORK_HEADER = YES;
				CLANG_WARN_RANGE_LOOP_ANALYSIS = YES;
				CLANG_WARN_STRICT_PROTOTYPES = YES;
				CLANG_WARN_SUSPICIOUS_MOVE = YES;
				CLANG_WARN_UNGUARDED_AVAILABILITY = YES_AGGRESSIVE;
				CLANG_WARN_UNREACHABLE_CODE = YES;
				CLANG_WARN__DUPLICATE_METHOD_MATCH = YES;
				COPY_PHASE_STRIP = NO;
				DEAD_CODE_STRIPPING = YES;
				DEBUG_INFORMATION_FORMAT = "dwarf-with-dsym";
				ENABLE_NS_ASSERTIONS = NO;
				ENABLE_STRICT_OBJC_MSGSEND = YES;
				ENABLE_USER_SCRIPT_SANDBOXING = YES;
				GCC_C_LANGUAGE_STANDARD = gnu17;
				GCC_NO_COMMON_BLOCKS = YES;
				GCC_WARN_64_TO_32_BIT_CONVERSION = YES;
				GCC_WARN_ABOUT_RETURN_TYPE = YES_ERROR;
				GCC_WARN_UNDECLARED_SELECTOR = YES;
				GCC_WARN_UNINITIALIZED_AUTOS = YES_AGGRESSIVE;
				GCC_WARN_UNUSED_FUNCTION = YES;
				GCC_WARN_UNUSED_VARIABLE = YES;
				LOCALIZATION_PREFERS_STRING_CATALOGS = YES;
				MTL_ENABLE_DEBUG_INFO = NO;
				MTL_FAST_MATH = YES;
				STRING_CATALOG_GENERATE_SYMBOLS = YES;
				SWIFT_COMPILATION_MODE = wholemodule;
			};
			name = Release;
		};
		624AD1682FB18B4200D9EF2E /* Debug */ = {
			isa = XCBuildConfiguration;
			buildSettings = {
				ASSETCATALOG_COMPILER_APPICON_NAME = AppIcon;
				ASSETCATALOG_COMPILER_GLOBAL_ACCENT_COLOR_NAME = AccentColor;
				CODE_SIGN_ENTITLEMENTS = fitbod/fitbod.entitlements;
				CODE_SIGN_STYLE = Automatic;
				CURRENT_PROJECT_VERSION = 1;
				DEAD_CODE_STRIPPING = YES;
				ENABLE_APP_SANDBOX = YES;
				ENABLE_PREVIEWS = YES;
				ENABLE_USER_SELECTED_FILES = readonly;
				GENERATE_INFOPLIST_FILE = YES;
				INFOPLIST_KEY_NSSupportsLiveActivities = YES;
				"INFOPLIST_KEY_UIApplicationSceneManifest_Generation[sdk=iphoneos*]" = YES;
				"INFOPLIST_KEY_UIApplicationSceneManifest_Generation[sdk=iphonesimulator*]" = YES;
				"INFOPLIST_KEY_UIApplicationSupportsIndirectInputEvents[sdk=iphoneos*]" = YES;
				"INFOPLIST_KEY_UIApplicationSupportsIndirectInputEvents[sdk=iphonesimulator*]" = YES;
				"INFOPLIST_KEY_UILaunchScreen_Generation[sdk=iphoneos*]" = YES;
				"INFOPLIST_KEY_UILaunchScreen_Generation[sdk=iphonesimulator*]" = YES;
				"INFOPLIST_KEY_UIStatusBarStyle[sdk=iphoneos*]" = UIStatusBarStyleDefault;
				"INFOPLIST_KEY_UIStatusBarStyle[sdk=iphonesimulator*]" = UIStatusBarStyleDefault;
				INFOPLIST_KEY_UISupportedInterfaceOrientations_iPad = "UIInterfaceOrientationPortrait UIInterfaceOrientationPortraitUpsideDown UIInterfaceOrientationLandscapeLeft UIInterfaceOrientationLandscapeRight";
				INFOPLIST_KEY_UISupportedInterfaceOrientations_iPhone = "UIInterfaceOrientationPortrait UIInterfaceOrientationLandscapeLeft UIInterfaceOrientationLandscapeRight";
				IPHONEOS_DEPLOYMENT_TARGET = 26.4;
				LD_RUNPATH_SEARCH_PATHS = "@executable_path/Frameworks";
				"LD_RUNPATH_SEARCH_PATHS[sdk=macosx*]" = "@executable_path/../Frameworks";
				MARKETING_VERSION = 1.0;
				PRODUCT_BUNDLE_IDENTIFIER = bodybuilding.fitbod;
				PRODUCT_NAME = "$(TARGET_NAME)";
				REGISTER_APP_GROUPS = YES;
				SDKROOT = auto;
				STRING_CATALOG_GENERATE_SYMBOLS = YES;
				SUPPORTED_PLATFORMS = "iphoneos iphonesimulator";
				SWIFT_APPROACHABLE_CONCURRENCY = YES;
				SWIFT_EMIT_LOC_STRINGS = YES;
				SWIFT_STRICT_CONCURRENCY = complete;
				SWIFT_UPCOMING_FEATURE_MEMBER_IMPORT_VISIBILITY = YES;
				SWIFT_VERSION = 6.0;
				TARGETED_DEVICE_FAMILY = "1,2";
			};
			name = Debug;
		};
		624AD1692FB18B4200D9EF2E /* Release */ = {
			isa = XCBuildConfiguration;
			buildSettings = {
				ASSETCATALOG_COMPILER_APPICON_NAME = AppIcon;
				ASSETCATALOG_COMPILER_GLOBAL_ACCENT_COLOR_NAME = AccentColor;
				CODE_SIGN_ENTITLEMENTS = fitbod/fitbod.entitlements;
				CODE_SIGN_STYLE = Automatic;
				CURRENT_PROJECT_VERSION = 1;
				DEAD_CODE_STRIPPING = YES;
				ENABLE_APP_SANDBOX = YES;
				ENABLE_PREVIEWS = YES;
				ENABLE_USER_SELECTED_FILES = readonly;
				GENERATE_INFOPLIST_FILE = YES;
				INFOPLIST_KEY_NSSupportsLiveActivities = YES;
				"INFOPLIST_KEY_UIApplicationSceneManifest_Generation[sdk=iphoneos*]" = YES;
				"INFOPLIST_KEY_UIApplicationSceneManifest_Generation[sdk=iphonesimulator*]" = YES;
				"INFOPLIST_KEY_UIApplicationSupportsIndirectInputEvents[sdk=iphoneos*]" = YES;
				"INFOPLIST_KEY_UIApplicationSupportsIndirectInputEvents[sdk=iphonesimulator*]" = YES;
				"INFOPLIST_KEY_UILaunchScreen_Generation[sdk=iphoneos*]" = YES;
				"INFOPLIST_KEY_UILaunchScreen_Generation[sdk=iphonesimulator*]" = YES;
				"INFOPLIST_KEY_UIStatusBarStyle[sdk=iphoneos*]" = UIStatusBarStyleDefault;
				"INFOPLIST_KEY_UIStatusBarStyle[sdk=iphonesimulator*]" = UIStatusBarStyleDefault;
				INFOPLIST_KEY_UISupportedInterfaceOrientations_iPad = "UIInterfaceOrientationPortrait UIInterfaceOrientationPortraitUpsideDown UIInterfaceOrientationLandscapeLeft UIInterfaceOrientationLandscapeRight";
				INFOPLIST_KEY_UISupportedInterfaceOrientations_iPhone = "UIInterfaceOrientationPortrait UIInterfaceOrientationLandscapeLeft UIInterfaceOrientationLandscapeRight";
				IPHONEOS_DEPLOYMENT_TARGET = 26.4;
				LD_RUNPATH_SEARCH_PATHS = "@executable_path/Frameworks";
				"LD_RUNPATH_SEARCH_PATHS[sdk=macosx*]" = "@executable_path/../Frameworks";
				MARKETING_VERSION = 1.0;
				PRODUCT_BUNDLE_IDENTIFIER = bodybuilding.fitbod;
				PRODUCT_NAME = "$(TARGET_NAME)";
				REGISTER_APP_GROUPS = YES;
				SDKROOT = auto;
				STRING_CATALOG_GENERATE_SYMBOLS = YES;
				SUPPORTED_PLATFORMS = "iphoneos iphonesimulator";
				SWIFT_APPROACHABLE_CONCURRENCY = YES;
				SWIFT_EMIT_LOC_STRINGS = YES;
				SWIFT_STRICT_CONCURRENCY = complete;
				SWIFT_UPCOMING_FEATURE_MEMBER_IMPORT_VISIBILITY = YES;
				SWIFT_VERSION = 6.0;
				TARGETED_DEVICE_FAMILY = "1,2";
			};
			name = Release;
		};
		624AD16B2FB18B4200D9EF2E /* Debug */ = {
			isa = XCBuildConfiguration;
			buildSettings = {
				BUNDLE_LOADER = "$(TEST_HOST)";
				CODE_SIGN_STYLE = Automatic;
				CURRENT_PROJECT_VERSION = 1;
				DEAD_CODE_STRIPPING = YES;
				GENERATE_INFOPLIST_FILE = YES;
				IPHONEOS_DEPLOYMENT_TARGET = 26.4;
				MARKETING_VERSION = 1.0;
				PRODUCT_BUNDLE_IDENTIFIER = bodybuilding.fitbodTests;
				PRODUCT_NAME = "$(TARGET_NAME)";
				SDKROOT = auto;
				STRING_CATALOG_GENERATE_SYMBOLS = NO;
				SUPPORTED_PLATFORMS = "iphoneos iphonesimulator";
				SWIFT_APPROACHABLE_CONCURRENCY = YES;
				SWIFT_EMIT_LOC_STRINGS = NO;
				SWIFT_UPCOMING_FEATURE_MEMBER_IMPORT_VISIBILITY = YES;
				SWIFT_VERSION = 5.0;
				TARGETED_DEVICE_FAMILY = "1,2";
				TEST_HOST = "$(BUILT_PRODUCTS_DIR)/fitbod.app/$(BUNDLE_EXECUTABLE_FOLDER_PATH)/fitbod";
			};
			name = Debug;
		};
		624AD16C2FB18B4200D9EF2E /* Release */ = {
			isa = XCBuildConfiguration;
			buildSettings = {
				BUNDLE_LOADER = "$(TEST_HOST)";
				CODE_SIGN_STYLE = Automatic;
				CURRENT_PROJECT_VERSION = 1;
				DEAD_CODE_STRIPPING = YES;
				GENERATE_INFOPLIST_FILE = YES;
				IPHONEOS_DEPLOYMENT_TARGET = 26.4;
				MARKETING_VERSION = 1.0;
				PRODUCT_BUNDLE_IDENTIFIER = bodybuilding.fitbodTests;
				PRODUCT_NAME = "$(TARGET_NAME)";
				SDKROOT = auto;
				STRING_CATALOG_GENERATE_SYMBOLS = NO;
				SUPPORTED_PLATFORMS = "iphoneos iphonesimulator";
				SWIFT_APPROACHABLE_CONCURRENCY = YES;
				SWIFT_EMIT_LOC_STRINGS = NO;
				SWIFT_UPCOMING_FEATURE_MEMBER_IMPORT_VISIBILITY = YES;
				SWIFT_VERSION = 5.0;
				TARGETED_DEVICE_FAMILY = "1,2";
				TEST_HOST = "$(BUILT_PRODUCTS_DIR)/fitbod.app/$(BUNDLE_EXECUTABLE_FOLDER_PATH)/fitbod";
			};
			name = Release;
		};
		624AD16E2FB18B4200D9EF2E /* Debug */ = {
			isa = XCBuildConfiguration;
			buildSettings = {
				CODE_SIGN_STYLE = Automatic;
				CURRENT_PROJECT_VERSION = 1;
				DEAD_CODE_STRIPPING = YES;
				GENERATE_INFOPLIST_FILE = YES;
				IPHONEOS_DEPLOYMENT_TARGET = 26.4;
				MARKETING_VERSION = 1.0;
				PRODUCT_BUNDLE_IDENTIFIER = bodybuilding.fitbodUITests;
				PRODUCT_NAME = "$(TARGET_NAME)";
				SDKROOT = auto;
				STRING_CATALOG_GENERATE_SYMBOLS = NO;
				SUPPORTED_PLATFORMS = "iphoneos iphonesimulator";
				SWIFT_APPROACHABLE_CONCURRENCY = YES;
				SWIFT_EMIT_LOC_STRINGS = NO;
				SWIFT_UPCOMING_FEATURE_MEMBER_IMPORT_VISIBILITY = YES;
				SWIFT_VERSION = 5.0;
				TARGETED_DEVICE_FAMILY = "1,2";
				TEST_TARGET_NAME = fitbod;
			};
			name = Debug;
		};
		624AD16F2FB18B4200D9EF2E /* Release */ = {
			isa = XCBuildConfiguration;
			buildSettings = {
				CODE_SIGN_STYLE = Automatic;
				CURRENT_PROJECT_VERSION = 1;
				DEAD_CODE_STRIPPING = YES;
				GENERATE_INFOPLIST_FILE = YES;
				IPHONEOS_DEPLOYMENT_TARGET = 26.4;
				MARKETING_VERSION = 1.0;
				PRODUCT_BUNDLE_IDENTIFIER = bodybuilding.fitbodUITests;
				PRODUCT_NAME = "$(TARGET_NAME)";
				SDKROOT = auto;
				STRING_CATALOG_GENERATE_SYMBOLS = NO;
				SUPPORTED_PLATFORMS = "iphoneos iphonesimulator";
				SWIFT_APPROACHABLE_CONCURRENCY = YES;
				SWIFT_EMIT_LOC_STRINGS = NO;
				SWIFT_UPCOMING_FEATURE_MEMBER_IMPORT_VISIBILITY = YES;
				SWIFT_VERSION = 5.0;
				TARGETED_DEVICE_FAMILY = "1,2";
				TEST_TARGET_NAME = fitbod;
			};
			name = Release;
		};
		624AD4B42FB375A200D9EF2E /* Debug */ = {
			isa = XCBuildConfiguration;
			buildSettings = {
				ASSETCATALOG_COMPILER_GLOBAL_ACCENT_COLOR_NAME = AccentColor;
				ASSETCATALOG_COMPILER_WIDGET_BACKGROUND_COLOR_NAME = WidgetBackground;
				CODE_SIGN_STYLE = Automatic;
				CURRENT_PROJECT_VERSION = 1;
				GENERATE_INFOPLIST_FILE = YES;
				INFOPLIST_FILE = FitbodWidgets/Info.plist;
				INFOPLIST_KEY_CFBundleDisplayName = FitbodWidgets;
				INFOPLIST_KEY_NSHumanReadableCopyright = "";
				IPHONEOS_DEPLOYMENT_TARGET = 26.4;
				LD_RUNPATH_SEARCH_PATHS = (
					"$(inherited)",
					"@executable_path/Frameworks",
					"@executable_path/../../Frameworks",
				);
				MARKETING_VERSION = 1.0;
				PRODUCT_BUNDLE_IDENTIFIER = bodybuilding.fitbod.FitbodWidgets;
				PRODUCT_NAME = "$(TARGET_NAME)";
				SDKROOT = iphoneos;
				SKIP_INSTALL = YES;
				STRING_CATALOG_GENERATE_SYMBOLS = YES;
				SWIFT_APPROACHABLE_CONCURRENCY = YES;
				SWIFT_EMIT_LOC_STRINGS = YES;
				SWIFT_UPCOMING_FEATURE_MEMBER_IMPORT_VISIBILITY = YES;
				SWIFT_VERSION = 5.0;
				TARGETED_DEVICE_FAMILY = "1,2";
			};
			name = Debug;
		};
		624AD4B52FB375A200D9EF2E /* Release */ = {
			isa = XCBuildConfiguration;
			buildSettings = {
				ASSETCATALOG_COMPILER_GLOBAL_ACCENT_COLOR_NAME = AccentColor;
				ASSETCATALOG_COMPILER_WIDGET_BACKGROUND_COLOR_NAME = WidgetBackground;
				CODE_SIGN_STYLE = Automatic;
				CURRENT_PROJECT_VERSION = 1;
				GENERATE_INFOPLIST_FILE = YES;
				INFOPLIST_FILE = FitbodWidgets/Info.plist;
				INFOPLIST_KEY_CFBundleDisplayName = FitbodWidgets;
				INFOPLIST_KEY_NSHumanReadableCopyright = "";
				IPHONEOS_DEPLOYMENT_TARGET = 26.4;
				LD_RUNPATH_SEARCH_PATHS = (
					"$(inherited)",
					"@executable_path/Frameworks",
					"@executable_path/../../Frameworks",
				);
				MARKETING_VERSION = 1.0;
				PRODUCT_BUNDLE_IDENTIFIER = bodybuilding.fitbod.FitbodWidgets;
				PRODUCT_NAME = "$(TARGET_NAME)";
				SDKROOT = iphoneos;
				SKIP_INSTALL = YES;
				STRING_CATALOG_GENERATE_SYMBOLS = YES;
				SWIFT_APPROACHABLE_CONCURRENCY = YES;
				SWIFT_EMIT_LOC_STRINGS = YES;
				SWIFT_UPCOMING_FEATURE_MEMBER_IMPORT_VISIBILITY = YES;
				SWIFT_VERSION = 5.0;
				TARGETED_DEVICE_FAMILY = "1,2";
				VALIDATE_PRODUCT = YES;
			};
			name = Release;
		};
/* End XCBuildConfiguration section */

/* Begin XCConfigurationList section */
		624AD13F2FB18B4100D9EF2E /* Build configuration list for PBXProject "fitbod" */ = {
			isa = XCConfigurationList;
			buildConfigurations = (
				624AD1652FB18B4200D9EF2E /* Debug */,
				624AD1662FB18B4200D9EF2E /* Release */,
			);
			defaultConfigurationIsVisible = 0;
			defaultConfigurationName = Release;
		};
		624AD1672FB18B4200D9EF2E /* Build configuration list for PBXNativeTarget "fitbod" */ = {
			isa = XCConfigurationList;
			buildConfigurations = (
				624AD1682FB18B4200D9EF2E /* Debug */,
				624AD1692FB18B4200D9EF2E /* Release */,
			);
			defaultConfigurationIsVisible = 0;
			defaultConfigurationName = Release;
		};
		624AD16A2FB18B4200D9EF2E /* Build configuration list for PBXNativeTarget "fitbodTests" */ = {
			isa = XCConfigurationList;
			buildConfigurations = (
				624AD16B2FB18B4200D9EF2E /* Debug */,
				624AD16C2FB18B4200D9EF2E /* Release */,
			);
			defaultConfigurationIsVisible = 0;
			defaultConfigurationName = Release;
		};
		624AD16D2FB18B4200D9EF2E /* Build configuration list for PBXNativeTarget "fitbodUITests" */ = {
			isa = XCConfigurationList;
			buildConfigurations = (
				624AD16E2FB18B4200D9EF2E /* Debug */,
				624AD16F2FB18B4200D9EF2E /* Release */,
			);
			defaultConfigurationIsVisible = 0;
			defaultConfigurationName = Release;
		};
		624AD4B32FB375A200D9EF2E /* Build configuration list for PBXNativeTarget "FitbodWidgetsExtension" */ = {
			isa = XCConfigurationList;
			buildConfigurations = (
				624AD4B42FB375A200D9EF2E /* Debug */,
				624AD4B52FB375A200D9EF2E /* Release */,
			);
			defaultConfigurationIsVisible = 0;
			defaultConfigurationName = Release;
		};
/* End XCConfigurationList section */
	};
	rootObject = 624AD13C2FB18B4100D9EF2E /* Project object */;
}
